
Microsoft Visual Studio Solution File, Format Version 12.00
# Visual Studio Version 17
VisualStudioVersion = 17.9.34728.123
MinimumVisualStudioVersion = 10.0.40219.1
Project("{FAE04EC0-301F-11D3-BF4B-00C04F79EFBC}") = "Project-CarParking", "Project-CarParking.csproj", "{176DC4CC-4A3A-4318-8648-67E60EC7252A}"
EndProject
Global
	GlobalSection(SolutionConfigurationPlatforms) = preSolution
		Debug|Any CPU = Debug|Any CPU
		Release|Any CPU = Release|Any CPU
	EndGlobalSection
	GlobalSection(ProjectConfigurationPlatforms) = postSolution
		{176DC4CC-4A3A-4318-8648-67E60EC7252A}.Debug|Any CPU.ActiveCfg = Debug|Any CPU
		{176DC4CC-4A3A-4318-8648-67E60EC7252A}.Debug|Any CPU.Build.0 = Debug|Any CPU
		{176DC4CC-4A3A-4318-8648-67E60EC7252A}.Release|Any CPU.ActiveCfg = Release|Any CPU
		{176DC4CC-4A3A-4318-8648-67E60EC7252A}.Release|Any CPU.Build.0 = Release|Any CPU
	EndGlobalSection
	GlobalSection(SolutionProperties) = preSolution
		HideSolutionNode = FALSE
	EndGlobalSection
	GlobalSection(ExtensibilityGlobals) = postSolution
		SolutionGuid = {8BF8E0EA-1CC8-4D4E-B965-AD9BB66892FE}
	EndGlobalSection
EndGlobal
